
Microsoft Visual Studio Solution File, Format Version 12.00
# Visual Studio Version 17
VisualStudioVersion = 17.7.34221.43
MinimumVisualStudioVersion = 10.0.40219.1
Project("{2150E333-8FDC-42A3-9474-1A3956D46DE8}") = "src", "src", "{1F573860-EFDC-4E19-95C2-5B6057A0FBF3}"
EndProject
Project("{2150E333-8FDC-42A3-9474-1A3956D46DE8}") = "AuthServer", "AuthServer", "{3A36E4AE-6D46-4283-AA19-69D588D4D156}"
EndProject
Project("{2150E333-8FDC-42A3-9474-1A3956D46DE8}") = "Mvc", "Mvc", "{5F61DEEA-FFD8-40F1-A147-9E3C9D5CC41D}"
EndProject
Project("{9A19103F-16F7-4668-BE54-9A1E7A4F7556}") = "Entities", "src\AuthServer\Entities\Entities.csproj", "{4BFD7EA5-6D78-4B5B-97EF-ACF3DC572363}"
EndProject
Project("{9A19103F-16F7-4668-BE54-9A1E7A4F7556}") = "DataAccess", "src\AuthServer\DataAccess\DataAccess.csproj", "{F558725D-DA88-419E-ABF3-3EC01B72732D}"
EndProject
Project("{9A19103F-16F7-4668-BE54-9A1E7A4F7556}") = "Business", "src\AuthServer\Business\Business.csproj", "{CBDD9A1D-B76C-4852-A57E-8FCBA699A6CA}"
EndProject
Project("{9A19103F-16F7-4668-BE54-9A1E7A4F7556}") = "AuthenticationServer", "src\AuthServer\AuthenticationServer\AuthenticationServer.csproj", "{2B52511F-3DA6-44B8-A31C-C603307821CC}"
EndProject
Project("{9A19103F-16F7-4668-BE54-9A1E7A4F7556}") = "Entities", "src\Mvc\Entities\Entities.csproj", "{A1A93697-0919-4AAF-95B7-ADBAC88AAD92}"
EndProject
Project("{9A19103F-16F7-4668-BE54-9A1E7A4F7556}") = "DataAccess", "src\Mvc\DataAccess\DataAccess.csproj", "{71E481AF-6DD2-44B7-B236-290E2FD4AAD4}"
EndProject
Project("{9A19103F-16F7-4668-BE54-9A1E7A4F7556}") = "Business", "src\Mvc\Business\Business.csproj", "{F2ABD091-38CB-4580-B9CB-3978BC0BB7CD}"
EndProject
Project("{9A19103F-16F7-4668-BE54-9A1E7A4F7556}") = "PersonBookWebApplication", "src\Mvc\PersonBookWebApplication\PersonBookWebApplication.csproj", "{202E7958-DB25-4B5B-B82A-98977E78B00D}"
EndProject
Project("{2150E333-8FDC-42A3-9474-1A3956D46DE8}") = "BuildingBlocks", "BuildingBlocks", "{F6A00E93-23C0-485B-B815-76882E5D3E9E}"
EndProject
Project("{9A19103F-16F7-4668-BE54-9A1E7A4F7556}") = "Utilities", "src\BuildingBlocks\Utilities\Utilities.csproj", "{F6BC62DE-1C54-48FE-B3F1-305F16D92A8D}"
EndProject
Project("{FAE04EC0-301F-11D3-BF4B-00C04F79EFBC}") = "AuthServer.Core", "AuthServer.Core\AuthServer.Core.csproj", "{35ED0D56-728A-4822-98F3-BCEAD470DC37}"
EndProject
Global
	GlobalSection(SolutionConfigurationPlatforms) = preSolution
		Debug|Any CPU = Debug|Any CPU
		Release|Any CPU = Release|Any CPU
	EndGlobalSection
	GlobalSection(ProjectConfigurationPlatforms) = postSolution
		{4BFD7EA5-6D78-4B5B-97EF-ACF3DC572363}.Debug|Any CPU.ActiveCfg = Debug|Any CPU
		{4BFD7EA5-6D78-4B5B-97EF-ACF3DC572363}.Debug|Any CPU.Build.0 = Debug|Any CPU
		{4BFD7EA5-6D78-4B5B-97EF-ACF3DC572363}.Release|Any CPU.ActiveCfg = Release|Any CPU
		{4BFD7EA5-6D78-4B5B-97EF-ACF3DC572363}.Release|Any CPU.Build.0 = Release|Any CPU
		{F558725D-DA88-419E-ABF3-3EC01B72732D}.Debug|Any CPU.ActiveCfg = Debug|Any CPU
		{F558725D-DA88-419E-ABF3-3EC01B72732D}.Debug|Any CPU.Build.0 = Debug|Any CPU
		{F558725D-DA88-419E-ABF3-3EC01B72732D}.Release|Any CPU.ActiveCfg = Release|Any CPU
		{F558725D-DA88-419E-ABF3-3EC01B72732D}.Release|Any CPU.Build.0 = Release|Any CPU
		{CBDD9A1D-B76C-4852-A57E-8FCBA699A6CA}.Debug|Any CPU.ActiveCfg = Debug|Any CPU
		{CBDD9A1D-B76C-4852-A57E-8FCBA699A6CA}.Debug|Any CPU.Build.0 = Debug|Any CPU
		{CBDD9A1D-B76C-4852-A57E-8FCBA699A6CA}.Release|Any CPU.ActiveCfg = Release|Any CPU
		{CBDD9A1D-B76C-4852-A57E-8FCBA699A6CA}.Release|Any CPU.Build.0 = Release|Any CPU
		{2B52511F-3DA6-44B8-A31C-C603307821CC}.Debug|Any CPU.ActiveCfg = Debug|Any CPU
		{2B52511F-3DA6-44B8-A31C-C603307821CC}.Debug|Any CPU.Build.0 = Debug|Any CPU
		{2B52511F-3DA6-44B8-A31C-C603307821CC}.Release|Any CPU.ActiveCfg = Release|Any CPU
		{2B52511F-3DA6-44B8-A31C-C603307821CC}.Release|Any CPU.Build.0 = Release|Any CPU
		{A1A93697-0919-4AAF-95B7-ADBAC88AAD92}.Debug|Any CPU.ActiveCfg = Debug|Any CPU
		{A1A93697-0919-4AAF-95B7-ADBAC88AAD92}.Debug|Any CPU.Build.0 = Debug|Any CPU
		{A1A93697-0919-4AAF-95B7-ADBAC88AAD92}.Release|Any CPU.ActiveCfg = Release|Any CPU
		{A1A93697-0919-4AAF-95B7-ADBAC88AAD92}.Release|Any CPU.Build.0 = Release|Any CPU
		{71E481AF-6DD2-44B7-B236-290E2FD4AAD4}.Debug|Any CPU.ActiveCfg = Debug|Any CPU
		{71E481AF-6DD2-44B7-B236-290E2FD4AAD4}.Debug|Any CPU.Build.0 = Debug|Any CPU
		{71E481AF-6DD2-44B7-B236-290E2FD4AAD4}.Release|Any CPU.ActiveCfg = Release|Any CPU
		{71E481AF-6DD2-44B7-B236-290E2FD4AAD4}.Release|Any CPU.Build.0 = Release|Any CPU
		{F2ABD091-38CB-4580-B9CB-3978BC0BB7CD}.Debug|Any CPU.ActiveCfg = Debug|Any CPU
		{F2ABD091-38CB-4580-B9CB-3978BC0BB7CD}.Debug|Any CPU.Build.0 = Debug|Any CPU
		{F2ABD091-38CB-4580-B9CB-3978BC0BB7CD}.Release|Any CPU.ActiveCfg = Release|Any CPU
		{F2ABD091-38CB-4580-B9CB-3978BC0BB7CD}.Release|Any CPU.Build.0 = Release|Any CPU
		{202E7958-DB25-4B5B-B82A-98977E78B00D}.Debug|Any CPU.ActiveCfg = Debug|Any CPU
		{202E7958-DB25-4B5B-B82A-98977E78B00D}.Debug|Any CPU.Build.0 = Debug|Any CPU
		{202E7958-DB25-4B5B-B82A-98977E78B00D}.Release|Any CPU.ActiveCfg = Release|Any CPU
		{202E7958-DB25-4B5B-B82A-98977E78B00D}.Release|Any CPU.Build.0 = Release|Any CPU
		{F6BC62DE-1C54-48FE-B3F1-305F16D92A8D}.Debug|Any CPU.ActiveCfg = Debug|Any CPU
		{F6BC62DE-1C54-48FE-B3F1-305F16D92A8D}.Debug|Any CPU.Build.0 = Debug|Any CPU
		{F6BC62DE-1C54-48FE-B3F1-305F16D92A8D}.Release|Any CPU.ActiveCfg = Release|Any CPU
		{F6BC62DE-1C54-48FE-B3F1-305F16D92A8D}.Release|Any CPU.Build.0 = Release|Any CPU
		{35ED0D56-728A-4822-98F3-BCEAD470DC37}.Debug|Any CPU.ActiveCfg = Debug|Any CPU
		{35ED0D56-728A-4822-98F3-BCEAD470DC37}.Debug|Any CPU.Build.0 = Debug|Any CPU
		{35ED0D56-728A-4822-98F3-BCEAD470DC37}.Release|Any CPU.ActiveCfg = Release|Any CPU
		{35ED0D56-728A-4822-98F3-BCEAD470DC37}.Release|Any CPU.Build.0 = Release|Any CPU
	EndGlobalSection
	GlobalSection(SolutionProperties) = preSolution
		HideSolutionNode = FALSE
	EndGlobalSection
	GlobalSection(NestedProjects) = preSolution
		{3A36E4AE-6D46-4283-AA19-69D588D4D156} = {1F573860-EFDC-4E19-95C2-5B6057A0FBF3}
		{5F61DEEA-FFD8-40F1-A147-9E3C9D5CC41D} = {1F573860-EFDC-4E19-95C2-5B6057A0FBF3}
		{4BFD7EA5-6D78-4B5B-97EF-ACF3DC572363} = {3A36E4AE-6D46-4283-AA19-69D588D4D156}
		{F558725D-DA88-419E-ABF3-3EC01B72732D} = {3A36E4AE-6D46-4283-AA19-69D588D4D156}
		{CBDD9A1D-B76C-4852-A57E-8FCBA699A6CA} = {3A36E4AE-6D46-4283-AA19-69D588D4D156}
		{2B52511F-3DA6-44B8-A31C-C603307821CC} = {3A36E4AE-6D46-4283-AA19-69D588D4D156}
		{A1A93697-0919-4AAF-95B7-ADBAC88AAD92} = {5F61DEEA-FFD8-40F1-A147-9E3C9D5CC41D}
		{71E481AF-6DD2-44B7-B236-290E2FD4AAD4} = {5F61DEEA-FFD8-40F1-A147-9E3C9D5CC41D}
		{F2ABD091-38CB-4580-B9CB-3978BC0BB7CD} = {5F61DEEA-FFD8-40F1-A147-9E3C9D5CC41D}
		{202E7958-DB25-4B5B-B82A-98977E78B00D} = {5F61DEEA-FFD8-40F1-A147-9E3C9D5CC41D}
		{F6A00E93-23C0-485B-B815-76882E5D3E9E} = {1F573860-EFDC-4E19-95C2-5B6057A0FBF3}
		{F6BC62DE-1C54-48FE-B3F1-305F16D92A8D} = {F6A00E93-23C0-485B-B815-76882E5D3E9E}
		{35ED0D56-728A-4822-98F3-BCEAD470DC37} = {3A36E4AE-6D46-4283-AA19-69D588D4D156}
	EndGlobalSection
	GlobalSection(ExtensibilityGlobals) = postSolution
		SolutionGuid = {F0ED3097-1298-4750-AF2B-A7D7EB626A60}
	EndGlobalSection
EndGlobal
